
Microsoft Visual Studio Solution File, Format Version 12.00
# Visual Studio Version 16
VisualStudioVersion = 16.0.31025.194
MinimumVisualStudioVersion = 10.0.40219.1
Project("{9A19103F-16F7-4668-BE54-9A1E7A4F7556}") = "BinarySerializer", "BinarySerializer.csproj", "{753D8740-3AE6-4198-9DCC-89227A1CC359}"
EndProject
Global
	GlobalSection(SolutionConfigurationPlatforms) = preSolution
		Debug|Any CPU = Debug|Any CPU
		Release|Any CPU = Release|Any CPU
	EndGlobalSection
	GlobalSection(ProjectConfigurationPlatforms) = postSolution
		{753D8740-3AE6-4198-9DCC-89227A1CC359}.Debug|Any CPU.ActiveCfg = Debug|Any CPU
		{753D8740-3AE6-4198-9DCC-89227A1CC359}.Debug|Any CPU.Build.0 = Debug|Any CPU
		{753D8740-3AE6-4198-9DCC-89227A1CC359}.Release|Any CPU.ActiveCfg = Release|Any CPU
		{753D8740-3AE6-4198-9DCC-89227A1CC359}.Release|Any CPU.Build.0 = Release|Any CPU
	EndGlobalSection
	GlobalSection(SolutionProperties) = preSolution
		HideSolutionNode = FALSE
	EndGlobalSection
	GlobalSection(ExtensibilityGlobals) = postSolution
		SolutionGuid = {4E2C11B7-C95F-457B-B4A6-0D01868F334C}
	EndGlobalSection
EndGlobal
